{
  "name": "progressive-web-applications-pwa-challenge-text-editor",
  "version": "1.0.0",
  "lockfileVersion": 3,
  "requires": true,
  "packages": {
    "": {
      "name": "progressive-web-applications-pwa-challenge-text-editor",
      "version": "1.0.0",
      "hasInstallScript": true,
      "license": "ISC"
    }
  }
}
